{
  "originHash" : "ed0366c9a4c11b0fb2ffcbf8a8dcd82fba99d049a4f4497174d87a5e8c546e3b",
  "pins" : [
    {
      "identity" : "jwt-kit",
      "kind" : "remoteSourceControl",
      "location" : "https://github.com/vapor/jwt-kit",
      "state" : {
        "revision" : "94a8b96d0ab5aae91324b68f100e3670cd908b51",
        "version" : "5.4.1"
      }
    },
    {
      "identity" : "swift-argument-parser",
      "kind" : "remoteSourceControl",
      "location" : "https://github.com/apple/swift-argument-parser",
      "state" : {
        "revision" : "626b5b7b2f45e1b0b1c6f4a309296d1d21d7311b",
        "version" : "1.7.1"
      }
    },
    {
      "identity" : "swift-asn1",
      "kind" : "remoteSourceControl",
      "location" : "https://github.com/apple/swift-asn1.git",
      "state" : {
        "revision" : "eb50cbd14606a9161cbc5d452f18797c90ef0bab",
        "version" : "1.7.0"
      }
    },
    {
      "identity" : "swift-certificates",
      "kind" : "remoteSourceControl",
      "location" : "https://github.com/apple/swift-certificates.git",
      "state" : {
        "revision" : "bde8ca32a096825dfce37467137c903418c1893d",
        "version" : "1.19.1"
      }
    },
    {
      "identity" : "swift-crypto",
      "kind" : "remoteSourceControl",
      "location" : "https://github.com/apple/swift-crypto",
      "state" : {
        "revision" : "1b6b2e274e85105bfa155183145a1dcfd63331f1",
        "version" : "4.5.0"
      }
    },
    {
      "identity" : "swift-docc-plugin",
      "kind" : "remoteSourceControl",
      "location" : "https://github.com/swiftlang/swift-docc-plugin",
      "state" : {
        "revision" : "647c708be89f834fa6a6d4945442793a77ddf5b6",
        "version" : "1.5.0"
      }
    },
    {
      "identity" : "swift-docc-symbolkit",
      "kind" : "remoteSourceControl",
      "location" : "https://github.com/swiftlang/swift-docc-symbolkit",
      "state" : {
        "revision" : "b45d1f2ed151d057b54504d653e0da5552844e34",
        "version" : "1.0.0"
      }
    },
    {
      "identity" : "swift-log",
      "kind" : "remoteSourceControl",
      "location" : "https://github.com/apple/swift-log",
      "state" : {
        "revision" : "5073617dac96330a486245e4c0179cb0a6fd2256",
        "version" : "1.12.0"
      }
    },
    {
      "identity" : "swiftyshell",
      "kind" : "remoteSourceControl",
      "location" : "https://github.com/maniramezan/SwiftyShell.git",
      "state" : {
        "revision" : "16b3f5176c5dd81e2e881ae03d2b24fce6ef7358",
        "version" : "0.1.0"
      }
    },
    {
      "identity" : "yams",
      "kind" : "remoteSourceControl",
      "location" : "https://github.com/jpsim/Yams",
      "state" : {
        "revision" : "deaf82e867fa2cbd3cd865978b079bfcf384ac28",
        "version" : "6.2.1"
      }
    }
  ],
  "version" : 3
}
